# generated by rye
# use `rye lock` or `rye sync` to update this lockfile
#
# last locked with the following flags:
#   pre: false
#   features: []
#   all-features: false

-e file:.
certifi==2023.7.22
charset-normalizer==3.3.0
dynaconf==3.2.3
idna==3.4
markdown-it-py==3.0.0
mdurl==0.1.2
pygments==2.16.1
requests==2.31.0
rich==13.6.0
ruff==0.0.291
urllib3==2.0.5
